// !$*UTF8*$!
{
	archiveVersion = 1;
	classes = {
	};
	objectVersion = 46;
	objects = {

/* Begin PBXBuildFile section */
		13A9B3D11DDE833C00B3F08D /* AppDelegate.swift in Sources */ = {isa = PBXBuildFile; fileRef = 13A9B3D01DDE833C00B3F08D /* AppDelegate.swift */; };
		13A9B3D31DDE833C00B3F08D /* ViewController.swift in Sources */ = {isa = PBXBuildFile; fileRef = 13A9B3D21DDE833C00B3F08D /* ViewController.swift */; };
		13A9B3D61DDE833C00B3F08D /* Main.storyboard in Resources */ = {isa = PBXBuildFile; fileRef = 13A9B3D41DDE833C00B3F08D /* Main.storyboard */; };
		13A9B3D81DDE833C00B3F08D /* Assets.xcassets in Resources */ = {isa = PBXBuildFile; fileRef = 13A9B3D71DDE833C00B3F08D /* Assets.xcassets */; };
		13A9B3DB1DDE833C00B3F08D /* LaunchScreen.storyboard in Resources */ = {isa = PBXBuildFile; fileRef = 13A9B3D91DDE833C00B3F08D /* LaunchScreen.storyboard */; };
		13A9B3E31DDE874B00B3F08D /* gato.jpg in Resources */ = {isa = PBXBuildFile; fileRef = 13A9B3E21DDE874B00B3F08D /* gato.jpg */; };
/* End PBXBuildFile section */

/* Begin PBXFileReference section */
		13A9B3CD1DDE833C00B3F08D /* Cat Years.app */ = {isa = PBXFileReference; explicitFileType = wrapper.application; includeInIndex = 0; path = "Cat Years.app"; sourceTree = BUILT_PRODUCTS_DIR; };
		13A9B3D01DDE833C00B3F08D /* AppDelegate.swift */ = {isa = PBXFileReference; lastKnownFileType = sourcecode.swift; path = AppDelegate.swift; sourceTree = "<group>"; };
		13A9B3D21DDE833C00B3F08D /* ViewController.swift */ = {isa = PBXFileReference; lastKnownFileType = sourcecode.swift; path = ViewController.swift; sourceTree = "<group>"; };
		13A9B3D51DDE833C00B3F08D /* Base */ = {isa = PBXFileReference; lastKnownFileType = file.storyboard; name = Base; path = Base.lproj/Main.storyboard; sourceTree = "<group>"; };
		13A9B3D71DDE833C00B3F08D /* Assets.xcassets */ = {isa = PBXFileReference; lastKnownFileType = folder.assetcatalog; path = Assets.xcassets; sourceTree = "<group>"; };
		13A9B3DA1DDE833C00B3F08D /* Base */ = {isa = PBXFileReference; lastKnownFileType = file.storyboard; name = Base; path = Base.lproj/LaunchScreen.storyboard; sourceTree = "<group>"; };
		13A9B3DC1DDE833C00B3F08D /* Info.plist */ = {isa = PBXFileReference; lastKnownFileType = text.plist.xml; path = Info.plist; sourceTree = "<group>"; };
		13A9B3E21DDE874B00B3F08D /* gato.jpg */ = {isa = PBXFileReference; lastKnownFileType = image.jpeg; path = gato.jpg; sourceTree = "<group>"; };
/* End PBXFileReference section */

/* Begin PBXFrameworksBuildPhase section */
		13A9B3CA1DDE833C00B3F08D /* Frameworks */ = {
			isa = PBXFrameworksBuildPhase;
			buildActionMask = 2147483647;
			files = (
			);
			runOnlyForDeploymentPostprocessing = 0;
		};
/* End PBXFrameworksBuildPhase section */

/* Begin PBXGroup section */
		13A9B3C41DDE833C00B3F08D = {
			isa = PBXGroup;
			children = (
				13A9B3CF1DDE833C00B3F08D /* Cat Years */,
				13A9B3CE1DDE833C00B3F08D /* Products */,
			);
			sourceTree = "<group>";
		};
		13A9B3CE1DDE833C00B3F08D /* Products */ = {
			isa = PBXGroup;
			children = (
				13A9B3CD1DDE833C00B3F08D /* Cat Years.app */,
			);
			name = Products;
			sourceTree = "<group>";
		};
		13A9B3CF1DDE833C00B3F08D /* Cat Years */ = {
			isa = PBXGroup;
			children = (
				13A9B3D01DDE833C00B3F08D /* AppDelegate.swift */,
				13A9B3D21DDE833C00B3F08D /* ViewController.swift */,
				13A9B3D41DDE833C00B3F08D /* Main.storyboard */,
				13A9B3E21DDE874B00B3F08D /* gato.jpg */,
				13A9B3D71DDE833C00B3F08D /* Assets.xcassets */,
				13A9B3D91DDE833C00B3F08D /* LaunchScreen.storyboard */,
				13A9B3DC1DDE833C00B3F08D /* Info.plist */,
			);
			path = "Cat Years";
			sourceTree = "<group>";
		};
/* End PBXGroup section */

/* Begin PBXNativeTarget section */
		13A9B3CC1DDE833C00B3F08D /* Cat Years */ = {
			isa = PBXNativeTarget;
			buildConfigurationList = 13A9B3DF1DDE833C00B3F08D /* Build configuration list for PBXNativeTarget "Cat Years" */;
			buildPhases = (
				13A9B3C91DDE833C00B3F08D /* Sources */,
				13A9B3CA1DDE833C00B3F08D /* Frameworks */,
				13A9B3CB1DDE833C00B3F08D /* Resources */,
			);
			buildRules = (
			);
			dependencies = (
			);
			name = "Cat Years";
			productName = "Cat Years";
			productReference = 13A9B3CD1DDE833C00B3F08D /* Cat Years.app */;
			productType = "com.apple.product-type.application";
		};
/* End PBXNativeTarget section */

/* Begin PBXProject section */
		13A9B3C51DDE833C00B3F08D /* Project object */ = {
			isa = PBXProject;
			attributes = {
				LastSwiftUpdateCheck = 0810;
				LastUpgradeCheck = 0810;
				ORGANIZATIONNAME = wneto;
				TargetAttributes = {
					13A9B3CC1DDE833C00B3F08D = {
						CreatedOnToolsVersion = 8.1;
						ProvisioningStyle = Automatic;
					};
				};
			};
			buildConfigurationList = 13A9B3C81DDE833C00B3F08D /* Build configuration list for PBXProject "Cat Years" */;
			compatibilityVersion = "Xcode 3.2";
			developmentRegion = English;
			hasScannedForEncodings = 0;
			knownRegions = (
				en,
				Base,
			);
			mainGroup = 13A9B3C41DDE833C00B3F08D;
			productRefGroup = 13A9B3CE1DDE833C00B3F08D /* Products */;
			projectDirPath = "";
			projectRoot = "";
			targets = (
				13A9B3CC1DDE833C00B3F08D /* Cat Years */,
			);
		};
/* End PBXProject section */

/* Begin PBXResourcesBuildPhase section */
		13A9B3CB1DDE833C00B3F08D /* Resources */ = {
			isa = PBXResourcesBuildPhase;
			buildActionMask = 2147483647;
			files = (
				13A9B3DB1DDE833C00B3F08D /* LaunchScreen.storyboard in Resources */,
				13A9B3D81DDE833C00B3F08D /* Assets.xcassets in Resources */,
				13A9B3E31DDE874B00B3F08D /* gato.jpg in Resources */,
				13A9B3D61DDE833C00B3F08D /* Main.storyboard in Resources */,
			);
			runOnlyForDeploymentPostprocessing = 0;
		};
/* End PBXResourcesBuildPhase section */

/* Begin PBXSourcesBuildPhase section */
		13A9B3C91DDE833C00B3F08D /* Sources */ = {
			isa = PBXSourcesBuildPhase;
			buildActionMask = 2147483647;
			files = (
				13A9B3D31DDE833C00B3F08D /* ViewController.swift in Sources */,
				13A9B3D11DDE833C00B3F08D /* AppDelegate.swift in Sources */,
			);
			runOnlyForDeploymentPostprocessing = 0;
		};
/* End PBXSourcesBuildPhase section */

/* Begin PBXVariantGroup section */
		13A9B3D41DDE833C00B3F08D /* Main.storyboard */ = {
			isa = PBXVariantGroup;
			children = (
				13A9B3D51DDE833C00B3F08D /* Base */,
			);
			name = Main.storyboard;
			sourceTree = "<group>";
		};
		13A9B3D91DDE833C00B3F08D /* LaunchScreen.storyboard */ = {
			isa = PBXVariantGroup;
			children = (
				13A9B3DA1DDE833C00B3F08D /* Base */,
			);
			name = LaunchScreen.storyboard;
			sourceTree = "<group>";
		};
/* End PBXVariantGroup section */

/* Begin XCBuildConfiguration section */
		13A9B3DD1DDE833C00B3F08D /* Debug */ = {
			isa = XCBuildConfiguration;
			buildSettings = {
				ALWAYS_SEARCH_USER_PATHS = NO;
				CLANG_ANALYZER_NONNULL = YES;
				CLANG_CXX_LANGUAGE_STANDARD = "gnu++0x";
				CLANG_CXX_LIBRARY = "libc++";
				CLANG_ENABLE_MODULES = YES;
				CLANG_ENABLE_OBJC_ARC = YES;
				CLANG_WARN_BOOL_CONVERSION = YES;
				CLANG_WARN_CONSTANT_CONVERSION = YES;
				CLANG_WARN_DIRECT_OBJC_ISA_USAGE = YES_ERROR;
				CLANG_WARN_DOCUMENTATION_COMMENTS = YES;
				CLANG_WARN_EMPTY_BODY = YES;
				CLANG_WARN_ENUM_CONVERSION = YES;
				CLANG_WARN_INFINITE_RECURSION = YES;
				CLANG_WARN_INT_CONVERSION = YES;
				CLANG_WARN_OBJC_ROOT_CLASS = YES_ERROR;
				CLANG_WARN_SUSPICIOUS_MOVES = YES;
				CLANG_WARN_UNREACHABLE_CODE = YES;
				CLANG_WARN__DUPLICATE_METHOD_MATCH = YES;
				"CODE_SIGN_IDENTITY[sdk=iphoneos*]" = "iPhone Developer";
				COPY_PHASE_STRIP = NO;
				DEBUG_INFORMATION_FORMAT = dwarf;
				ENABLE_STRICT_OBJC_MSGSEND = YES;
				ENABLE_TESTABILITY = YES;
				GCC_C_LANGUAGE_STANDARD = gnu99;
				GCC_DYNAMIC_NO_PIC = NO;
				GCC_NO_COMMON_BLOCKS = YES;
				GCC_OPTIMIZATION_LEVEL = 0;
				GCC_PREPROCESSOR_DEFINITIONS = (
					"DEBUG=1",
					"$(inherited)",
				);
				GCC_WARN_64_TO_32_BIT_CONVERSION = YES;
				GCC_WARN_ABOUT_RETURN_TYPE = YES_ERROR;
				GCC_WARN_UNDECLARED_SELECTOR = YES;
				GCC_WARN_UNINITIALIZED_AUTOS = YES_AGGRESSIVE;
				GCC_WARN_UNUSED_FUNCTION = YES;
				GCC_WARN_UNUSED_VARIABLE = YES;
				IPHONEOS_DEPLOYMENT_TARGET = 10.1;
				MTL_ENABLE_DEBUG_INFO = YES;
				ONLY_ACTIVE_ARCH = YES;
				SDKROOT = iphoneos;
				SWIFT_ACTIVE_COMPILATION_CONDITIONS = DEBUG;
				SWIFT_OPTIMIZATION_LEVEL = "-Onone";
			};
			name = Debug;
		};
		13A9B3DE1DDE833C00B3F08D /* Release */ = {
			isa = XCBuildConfiguration;
			buildSettings = {
				ALWAYS_SEARCH_USER_PATHS = NO;
				CLANG_ANALYZER_NONNULL = YES;
				CLANG_CXX_LANGUAGE_STANDARD = "gnu++0x";
				CLANG_CXX_LIBRARY = "libc++";
				CLANG_ENABLE_MODULES = YES;
				CLANG_ENABLE_OBJC_ARC = YES;
				CLANG_WARN_BOOL_CONVERSION = YES;
				CLANG_WARN_CONSTANT_CONVERSION = YES;
				CLANG_WARN_DIRECT_OBJC_ISA_USAGE = YES_ERROR;
				CLANG_WARN_DOCUMENTATION_COMMENTS = YES;
				CLANG_WARN_EMPTY_BODY = YES;
				CLANG_WARN_ENUM_CONVERSION = YES;
				CLANG_WARN_INFINITE_RECURSION = YES;
				CLANG_WARN_INT_CONVERSION = YES;
				CLANG_WARN_OBJC_ROOT_CLASS = YES_ERROR;
				CLANG_WARN_SUSPICIOUS_MOVES = YES;
				CLANG_WARN_UNREACHABLE_CODE = YES;
				CLANG_WARN__DUPLICATE_METHOD_MATCH = YES;
				"CODE_SIGN_IDENTITY[sdk=iphoneos*]" = "iPhone Developer";
				COPY_PHASE_STRIP = NO;
				DEBUG_INFORMATION_FORMAT = "dwarf-with-dsym";
				ENABLE_NS_ASSERTIONS = NO;
				ENABLE_STRICT_OBJC_MSGSEND = YES;
				GCC_C_LANGUAGE_STANDARD = gnu99;
				GCC_NO_COMMON_BLOCKS = YES;
				GCC_WARN_64_TO_32_BIT_CONVERSION = YES;
				GCC_WARN_ABOUT_RETURN_TYPE = YES_ERROR;
				GCC_WARN_UNDECLARED_SELECTOR = YES;
				GCC_WARN_UNINITIALIZED_AUTOS = YES_AGGRESSIVE;
				GCC_WARN_UNUSED_FUNCTION = YES;
				GCC_WARN_UNUSED_VARIABLE = YES;
				IPHONEOS_DEPLOYMENT_TARGET = 10.1;
				MTL_ENABLE_DEBUG_INFO = NO;
				SDKROOT = iphoneos;
				SWIFT_OPTIMIZATION_LEVEL = "-Owholemodule";
				VALIDATE_PRODUCT = YES;
			};
			name = Release;
		};
		13A9B3E01DDE833C00B3F08D /* Debug */ = {
			isa = XCBuildConfiguration;
			buildSettings = {
				ASSETCATALOG_COMPILER_APPICON_NAME = AppIcon;
				INFOPLIST_FILE = "Cat Years/Info.plist";
				LD_RUNPATH_SEARCH_PATHS = "$(inherited) @executable_path/Frameworks";
				PRODUCT_BUNDLE_IDENTIFIER = "com.wneto.Cat-Years";
				PRODUCT_NAME = "$(TARGET_NAME)";
				SWIFT_VERSION = 3.0;
			};
			name = Debug;
		};
		13A9B3E11DDE833C00B3F08D /* Release */ = {
			isa = XCBuildConfiguration;
			buildSettings = {
				ASSETCATALOG_COMPILER_APPICON_NAME = AppIcon;
				INFOPLIST_FILE = "Cat Years/Info.plist";
				LD_RUNPATH_SEARCH_PATHS = "$(inherited) @executable_path/Frameworks";
				PRODUCT_BUNDLE_IDENTIFIER = "com.wneto.Cat-Years";
				PRODUCT_NAME = "$(TARGET_NAME)";
				SWIFT_VERSION = 3.0;
			};
			name = Release;
		};
/* End XCBuildConfiguration section */

/* Begin XCConfigurationList section */
		13A9B3C81DDE833C00B3F08D /* Build configuration list for PBXProject "Cat Years" */ = {
			isa = XCConfigurationList;
			buildConfigurations = (
				13A9B3DD1DDE833C00B3F08D /* Debug */,
				13A9B3DE1DDE833C00B3F08D /* Release */,
			);
			defaultConfigurationIsVisible = 0;
			defaultConfigurationName = Release;
		};
		13A9B3DF1DDE833C00B3F08D /* Build configuration list for PBXNativeTarget "Cat Years" */ = {
			isa = XCConfigurationList;
			buildConfigurations = (
				13A9B3E01DDE833C00B3F08D /* Debug */,
				13A9B3E11DDE833C00B3F08D /* Release */,
			);
			defaultConfigurationIsVisible = 0;
		};
/* End XCConfigurationList section */
	};
	rootObject = 13A9B3C51DDE833C00B3F08D /* Project object */;
}
